
Microsoft Visual Studio Solution File, Format Version 12.00
# Visual Studio Version 17
VisualStudioVersion = 17.4.33110.190
MinimumVisualStudioVersion = 10.0.40219.1
Project("{9A19103F-16F7-4668-BE54-9A1E7A4F7556}") = "Article.Api", "Article.Api\Article.Api.csproj", "{03BD1A4B-7C34-430F-8754-2877CBC2A1C2}"
EndProject
Project("{9A19103F-16F7-4668-BE54-9A1E7A4F7556}") = "Article.Core", "Article.Core\Article.Core.csproj", "{EBAA3E4B-FCD0-48AF-AC08-3D98DA38445E}"
EndProject
Project("{FAE04EC0-301F-11D3-BF4B-00C04F79EFBC}") = "Article.Model", "Article.Model\Article.Model.csproj", "{15D1BB4A-8849-4450-91DA-ED62EDE475CE}"
EndProject
Global
	GlobalSection(SolutionConfigurationPlatforms) = preSolution
		Debug|Any CPU = Debug|Any CPU
		Release|Any CPU = Release|Any CPU
	EndGlobalSection
	GlobalSection(ProjectConfigurationPlatforms) = postSolution
		{03BD1A4B-7C34-430F-8754-2877CBC2A1C2}.Debug|Any CPU.ActiveCfg = Debug|Any CPU
		{03BD1A4B-7C34-430F-8754-2877CBC2A1C2}.Debug|Any CPU.Build.0 = Debug|Any CPU
		{03BD1A4B-7C34-430F-8754-2877CBC2A1C2}.Release|Any CPU.ActiveCfg = Release|Any CPU
		{03BD1A4B-7C34-430F-8754-2877CBC2A1C2}.Release|Any CPU.Build.0 = Release|Any CPU
		{EBAA3E4B-FCD0-48AF-AC08-3D98DA38445E}.Debug|Any CPU.ActiveCfg = Debug|Any CPU
		{EBAA3E4B-FCD0-48AF-AC08-3D98DA38445E}.Debug|Any CPU.Build.0 = Debug|Any CPU
		{EBAA3E4B-FCD0-48AF-AC08-3D98DA38445E}.Release|Any CPU.ActiveCfg = Release|Any CPU
		{EBAA3E4B-FCD0-48AF-AC08-3D98DA38445E}.Release|Any CPU.Build.0 = Release|Any CPU
		{15D1BB4A-8849-4450-91DA-ED62EDE475CE}.Debug|Any CPU.ActiveCfg = Debug|Any CPU
		{15D1BB4A-8849-4450-91DA-ED62EDE475CE}.Debug|Any CPU.Build.0 = Debug|Any CPU
		{15D1BB4A-8849-4450-91DA-ED62EDE475CE}.Release|Any CPU.ActiveCfg = Release|Any CPU
		{15D1BB4A-8849-4450-91DA-ED62EDE475CE}.Release|Any CPU.Build.0 = Release|Any CPU
	EndGlobalSection
	GlobalSection(SolutionProperties) = preSolution
		HideSolutionNode = FALSE
	EndGlobalSection
	GlobalSection(ExtensibilityGlobals) = postSolution
		SolutionGuid = {59424331-D035-430F-9FFE-9A5BF21C094E}
	EndGlobalSection
EndGlobal
